
Microsoft Visual Studio Solution File, Format Version 12.00
# Visual Studio 15
VisualStudioVersion = 15.0.27703.2035
MinimumVisualStudioVersion = 10.0.40219.1
Project("{8BC9CEB8-8B4A-11D0-8D11-00A0C91BC942}") = "gametest1", "gametest1\gametest1.vcxproj", "{F43CD3B2-0739-4309-ABF2-2ECC0E20BD75}"
EndProject
Global
	GlobalSection(SolutionConfigurationPlatforms) = preSolution
		Debug|x64 = Debug|x64
		Debug|x86 = Debug|x86
		Release|x64 = Release|x64
		Release|x86 = Release|x86
	EndGlobalSection
	GlobalSection(ProjectConfigurationPlatforms) = postSolution
		{F43CD3B2-0739-4309-ABF2-2ECC0E20BD75}.Debug|x64.ActiveCfg = Debug|x64
		{F43CD3B2-0739-4309-ABF2-2ECC0E20BD75}.Debug|x64.Build.0 = Debug|x64
		{F43CD3B2-0739-4309-ABF2-2ECC0E20BD75}.Debug|x86.ActiveCfg = Debug|Win32
		{F43CD3B2-0739-4309-ABF2-2ECC0E20BD75}.Debug|x86.Build.0 = Debug|Win32
		{F43CD3B2-0739-4309-ABF2-2ECC0E20BD75}.Release|x64.ActiveCfg = Release|x64
		{F43CD3B2-0739-4309-ABF2-2ECC0E20BD75}.Release|x64.Build.0 = Release|x64
		{F43CD3B2-0739-4309-ABF2-2ECC0E20BD75}.Release|x86.ActiveCfg = Release|Win32
		{F43CD3B2-0739-4309-ABF2-2ECC0E20BD75}.Release|x86.Build.0 = Release|Win32
	EndGlobalSection
	GlobalSection(SolutionProperties) = preSolution
		HideSolutionNode = FALSE
	EndGlobalSection
	GlobalSection(ExtensibilityGlobals) = postSolution
		SolutionGuid = {0F625B30-A62A-49BB-B1E4-264EA5C17924}
	EndGlobalSection
EndGlobal
